
Microsoft Visual Studio Solution File, Format Version 12.00
# Visual Studio Version 17
VisualStudioVersion = 17.12.35309.182
MinimumVisualStudioVersion = 10.0.40219.1
Project("{FAE04EC0-301F-11D3-BF4B-00C04F79EFBC}") = "WinForms", "WinForms\WinForms.csproj", "{98DA8706-E723-4235-842B-380FA5B0B66B}"
EndProject
Project("{FAE04EC0-301F-11D3-BF4B-00C04F79EFBC}") = "Core", "Core\Core.csproj", "{EB7150F7-662B-463D-9A36-FCF6D8F62EE5}"
EndProject
Global
	GlobalSection(SolutionConfigurationPlatforms) = preSolution
		Debug|Any CPU = Debug|Any CPU
		Release|Any CPU = Release|Any CPU
	EndGlobalSection
	GlobalSection(ProjectConfigurationPlatforms) = postSolution
		{98DA8706-E723-4235-842B-380FA5B0B66B}.Debug|Any CPU.ActiveCfg = Debug|Any CPU
		{98DA8706-E723-4235-842B-380FA5B0B66B}.Debug|Any CPU.Build.0 = Debug|Any CPU
		{98DA8706-E723-4235-842B-380FA5B0B66B}.Release|Any CPU.ActiveCfg = Release|Any CPU
		{98DA8706-E723-4235-842B-380FA5B0B66B}.Release|Any CPU.Build.0 = Release|Any CPU
		{EB7150F7-662B-463D-9A36-FCF6D8F62EE5}.Debug|Any CPU.ActiveCfg = Debug|Any CPU
		{EB7150F7-662B-463D-9A36-FCF6D8F62EE5}.Debug|Any CPU.Build.0 = Debug|Any CPU
		{EB7150F7-662B-463D-9A36-FCF6D8F62EE5}.Release|Any CPU.ActiveCfg = Release|Any CPU
		{EB7150F7-662B-463D-9A36-FCF6D8F62EE5}.Release|Any CPU.Build.0 = Release|Any CPU
	EndGlobalSection
	GlobalSection(SolutionProperties) = preSolution
		HideSolutionNode = FALSE
	EndGlobalSection
	GlobalSection(ExtensibilityGlobals) = postSolution
		SolutionGuid = {546ECBAD-BEDA-4E00-BA07-01D65D360146}
	EndGlobalSection
EndGlobal
