
Microsoft Visual Studio Solution File, Format Version 12.00
# Visual Studio Version 18
VisualStudioVersion = 18.3.11222.16 d18.3
MinimumVisualStudioVersion = 10.0.40219.1
Project("{FAE04EC0-301F-11D3-BF4B-00C04F79EFBC}") = "AutoClicker", "AutoClicker\AutoClicker.csproj", "{2EF9D447-8C6E-B208-7A20-8C3CBD28B350}"
EndProject
Global
	GlobalSection(SolutionConfigurationPlatforms) = preSolution
		Debug|Any CPU = Debug|Any CPU
		Release|Any CPU = Release|Any CPU
	EndGlobalSection
	GlobalSection(ProjectConfigurationPlatforms) = postSolution
		{2EF9D447-8C6E-B208-7A20-8C3CBD28B350}.Debug|Any CPU.ActiveCfg = Debug|Any CPU
		{2EF9D447-8C6E-B208-7A20-8C3CBD28B350}.Debug|Any CPU.Build.0 = Debug|Any CPU
		{2EF9D447-8C6E-B208-7A20-8C3CBD28B350}.Release|Any CPU.ActiveCfg = Release|Any CPU
		{2EF9D447-8C6E-B208-7A20-8C3CBD28B350}.Release|Any CPU.Build.0 = Release|Any CPU
	EndGlobalSection
	GlobalSection(SolutionProperties) = preSolution
		HideSolutionNode = FALSE
	EndGlobalSection
	GlobalSection(ExtensibilityGlobals) = postSolution
		SolutionGuid = {546ECBAD-BEDA-4E00-BA07-01D65D360146}
	EndGlobalSection
EndGlobal
